
Microsoft Visual Studio Solution File, Format Version 12.00
# Visual Studio Version 16
VisualStudioVersion = 16.0.30204.135
MinimumVisualStudioVersion = 10.0.40219.1
Project("{FAE04EC0-301F-11D3-BF4B-00C04F79EFBC}") = "RazielSignal", "RazielSignal.csproj", "{7DD6B5E7-650B-4671-B04C-64F5D518B251}"
EndProject
Global
	GlobalSection(SolutionConfigurationPlatforms) = preSolution
		Debug|Any CPU = Debug|Any CPU
		Release|Any CPU = Release|Any CPU
	EndGlobalSection
	GlobalSection(ProjectConfigurationPlatforms) = postSolution
		{7DD6B5E7-650B-4671-B04C-64F5D518B251}.Debug|Any CPU.ActiveCfg = Debug|Any CPU
		{7DD6B5E7-650B-4671-B04C-64F5D518B251}.Debug|Any CPU.Build.0 = Debug|Any CPU
		{7DD6B5E7-650B-4671-B04C-64F5D518B251}.Release|Any CPU.ActiveCfg = Release|Any CPU
		{7DD6B5E7-650B-4671-B04C-64F5D518B251}.Release|Any CPU.Build.0 = Release|Any CPU
	EndGlobalSection
	GlobalSection(SolutionProperties) = preSolution
		HideSolutionNode = FALSE
	EndGlobalSection
	GlobalSection(ExtensibilityGlobals) = postSolution
		SolutionGuid = {6968D0AD-A552-45A2-A2CD-640678E6C0B6}
	EndGlobalSection
EndGlobal
